schema: '2.0'
stages:
  prepare:
    cmd: python3 src/preprocess.py
    deps:
    - path: dataset/features.csv
      hash: md5
      md5: 1dcee5abb218130c155b007b7b710026
      size: 25964
    - path: src/preprocess.py
      hash: md5
      md5: 2aed617a48aa39f8f51b2f5a1d7ed73a
      size: 802
    outs:
    - path: dataset/test.csv
      hash: md5
      md5: b1b46ddcf789f41af7df1495cf4f8ace
      size: 2590
    - path: dataset/train.csv
      hash: md5
      md5: a90d9ced81aa3549d6914aae97d135b9
      size: 20440
    - path: dataset/val.csv
      hash: md5
      md5: a9d4a17ebde88eb9042b981a48dddd9f
      size: 2590
  train:
    cmd: python3 src/train.py 50 0.2 3
    deps:
    - path: dataset/train.csv
      hash: md5
      md5: a90d9ced81aa3549d6914aae97d135b9
      size: 20440
    - path: dataset/val.csv
      hash: md5
      md5: a9d4a17ebde88eb9042b981a48dddd9f
      size: 2590
    - path: src/train.py
      hash: md5
      md5: 8379fdfac30b1107590d48e45fb528ad
      size: 1831
    outs:
    - path: metrics/train_metrics.json
      hash: md5
      md5: 7310f88798c224ec4c61392e86f672ae
      size: 86
    - path: models/model.bin
      hash: md5
      md5: d5593445b9d5135e1097e8c8ae53df7c
      size: 103567
    - path: plots/learning_curve.csv
      hash: md5
      md5: 604d95e82cef637fc33e086b7c9f9633
      size: 1179
  test:
    cmd: python3 src/test.py 0.9
    deps:
    - path: dataset/test.csv
      hash: md5
      md5: b1b46ddcf789f41af7df1495cf4f8ace
      size: 2590
    - path: models/model.bin
      hash: md5
      md5: d5593445b9d5135e1097e8c8ae53df7c
      size: 103567
    - path: src/test.py
      hash: md5
      md5: 92a126c1e9a447f8a29c35ffd522a8c6
      size: 1348
    outs:
    - path: metrics/test_metrics.json
      hash: md5
      md5: 22dfdb9bfc8efee54a3dd9301f9c86a3
      size: 85
    - path: plots/confusion_matrix.csv
      hash: md5
      md5: 10cda321ee47218c5aa9d73143a1b949
      size: 209
